// !$*UTF8*$!
{
	archiveVersion = 1;
	classes = {
	};
	objectVersion = 56;
	objects = {

/* Begin PBXBuildFile section */
		D951D8EB2AF1E625009AD8EB /* MockURLSession.swift in Sources */ = {isa = PBXBuildFile; fileRef = D951D8EA2AF1E625009AD8EB /* MockURLSession.swift */; };
		D951D8EC2AF1E625009AD8EB /* MockURLSession.swift in Sources */ = {isa = PBXBuildFile; fileRef = D951D8EA2AF1E625009AD8EB /* MockURLSession.swift */; };
		D951D8ED2AF1E625009AD8EB /* MockURLSession.swift in Sources */ = {isa = PBXBuildFile; fileRef = D951D8EA2AF1E625009AD8EB /* MockURLSession.swift */; };
		D951D8F32AF1E675009AD8EB /* NetworkServiceTests.swift in Sources */ = {isa = PBXBuildFile; fileRef = D951D8F22AF1E675009AD8EB /* NetworkServiceTests.swift */; };
		D951D8F92AF1E8FC009AD8EB /* URLSession+Extension.swift in Sources */ = {isa = PBXBuildFile; fileRef = D951D8F82AF1E8FC009AD8EB /* URLSession+Extension.swift */; };
		D951D8FA2AF1E8FC009AD8EB /* URLSession+Extension.swift in Sources */ = {isa = PBXBuildFile; fileRef = D951D8F82AF1E8FC009AD8EB /* URLSession+Extension.swift */; };
		D951D8FB2AF1E8FC009AD8EB /* URLSession+Extension.swift in Sources */ = {isa = PBXBuildFile; fileRef = D951D8F82AF1E8FC009AD8EB /* URLSession+Extension.swift */; };
		D951D8FE2AF1E939009AD8EB /* URLSessionProtocol.swift in Sources */ = {isa = PBXBuildFile; fileRef = D951D8FD2AF1E939009AD8EB /* URLSessionProtocol.swift */; };
		D951D8FF2AF1E939009AD8EB /* URLSessionProtocol.swift in Sources */ = {isa = PBXBuildFile; fileRef = D951D8FD2AF1E939009AD8EB /* URLSessionProtocol.swift */; };
		D951D9002AF1E939009AD8EB /* URLSessionProtocol.swift in Sources */ = {isa = PBXBuildFile; fileRef = D951D8FD2AF1E939009AD8EB /* URLSessionProtocol.swift */; };
		D951D9022AF1F50F009AD8EB /* TestStubs.swift in Sources */ = {isa = PBXBuildFile; fileRef = D951D9012AF1F50F009AD8EB /* TestStubs.swift */; };
		D951D9032AF1F50F009AD8EB /* TestStubs.swift in Sources */ = {isa = PBXBuildFile; fileRef = D951D9012AF1F50F009AD8EB /* TestStubs.swift */; };
		D951D9042AF1F50F009AD8EB /* TestStubs.swift in Sources */ = {isa = PBXBuildFile; fileRef = D951D9012AF1F50F009AD8EB /* TestStubs.swift */; };
		D951D90A2AF1FAF3009AD8EB /* NetworkService.swift in Sources */ = {isa = PBXBuildFile; fileRef = D97F73392AF16C000014EFAB /* NetworkService.swift */; };
		D951D90B2AF1FAF4009AD8EB /* NetworkService.swift in Sources */ = {isa = PBXBuildFile; fileRef = D97F73392AF16C000014EFAB /* NetworkService.swift */; };
		D951D90C2AF20034009AD8EB /* Photo.swift in Sources */ = {isa = PBXBuildFile; fileRef = D97F73432AF183580014EFAB /* Photo.swift */; };
		D951D90D2AF20035009AD8EB /* Photo.swift in Sources */ = {isa = PBXBuildFile; fileRef = D97F73432AF183580014EFAB /* Photo.swift */; };
		D951D90E2AF2003A009AD8EB /* Secrets.swift in Sources */ = {isa = PBXBuildFile; fileRef = D97F73412AF16F2B0014EFAB /* Secrets.swift */; };
		D951D90F2AF2003B009AD8EB /* Secrets.swift in Sources */ = {isa = PBXBuildFile; fileRef = D97F73412AF16F2B0014EFAB /* Secrets.swift */; };
		D951D9112AF3134F009AD8EB /* User.swift in Sources */ = {isa = PBXBuildFile; fileRef = D951D9102AF3134F009AD8EB /* User.swift */; };
		D951D9122AF3134F009AD8EB /* User.swift in Sources */ = {isa = PBXBuildFile; fileRef = D951D9102AF3134F009AD8EB /* User.swift */; };
		D951D9132AF3134F009AD8EB /* User.swift in Sources */ = {isa = PBXBuildFile; fileRef = D951D9102AF3134F009AD8EB /* User.swift */; };
		D951D9152AF317D9009AD8EB /* UserPhotoItem.swift in Sources */ = {isa = PBXBuildFile; fileRef = D951D9142AF317D9009AD8EB /* UserPhotoItem.swift */; };
		D951D9162AF317D9009AD8EB /* UserPhotoItem.swift in Sources */ = {isa = PBXBuildFile; fileRef = D951D9142AF317D9009AD8EB /* UserPhotoItem.swift */; };
		D951D9172AF317D9009AD8EB /* UserPhotoItem.swift in Sources */ = {isa = PBXBuildFile; fileRef = D951D9142AF317D9009AD8EB /* UserPhotoItem.swift */; };
		D97F73012AF16A290014EFAB /* MiniFlickrApp.swift in Sources */ = {isa = PBXBuildFile; fileRef = D97F73002AF16A290014EFAB /* MiniFlickrApp.swift */; };
		D97F73032AF16A290014EFAB /* ContentView.swift in Sources */ = {isa = PBXBuildFile; fileRef = D97F73022AF16A290014EFAB /* ContentView.swift */; };
		D97F73052AF16A2B0014EFAB /* Assets.xcassets in Resources */ = {isa = PBXBuildFile; fileRef = D97F73042AF16A2B0014EFAB /* Assets.xcassets */; };
		D97F73082AF16A2B0014EFAB /* Preview Assets.xcassets in Resources */ = {isa = PBXBuildFile; fileRef = D97F73072AF16A2B0014EFAB /* Preview Assets.xcassets */; };
		D97F73122AF16A2B0014EFAB /* MiniFlickrTests.swift in Sources */ = {isa = PBXBuildFile; fileRef = D97F73112AF16A2B0014EFAB /* MiniFlickrTests.swift */; };
		D97F731C2AF16A2B0014EFAB /* MiniFlickrUITests.swift in Sources */ = {isa = PBXBuildFile; fileRef = D97F731B2AF16A2B0014EFAB /* MiniFlickrUITests.swift */; };
		D97F731E2AF16A2B0014EFAB /* MiniFlickrUITestsLaunchTests.swift in Sources */ = {isa = PBXBuildFile; fileRef = D97F731D2AF16A2B0014EFAB /* MiniFlickrUITestsLaunchTests.swift */; };
		D97F73342AF16B920014EFAB /* GalleryView.swift in Sources */ = {isa = PBXBuildFile; fileRef = D97F73332AF16B920014EFAB /* GalleryView.swift */; };
		D97F73362AF16BA10014EFAB /* PhotoDetailView.swift in Sources */ = {isa = PBXBuildFile; fileRef = D97F73352AF16BA10014EFAB /* PhotoDetailView.swift */; };
		D97F73382AF16BF20014EFAB /* UserGalleryView.swift in Sources */ = {isa = PBXBuildFile; fileRef = D97F73372AF16BF20014EFAB /* UserGalleryView.swift */; };
		D97F733A2AF16C000014EFAB /* NetworkService.swift in Sources */ = {isa = PBXBuildFile; fileRef = D97F73392AF16C000014EFAB /* NetworkService.swift */; };
		D97F733C2AF16C4F0014EFAB /* GalleryViewModel.swift in Sources */ = {isa = PBXBuildFile; fileRef = D97F733B2AF16C4F0014EFAB /* GalleryViewModel.swift */; };
		D97F733E2AF16C580014EFAB /* UserGalleryViewModel.swift in Sources */ = {isa = PBXBuildFile; fileRef = D97F733D2AF16C580014EFAB /* UserGalleryViewModel.swift */; };
		D97F73402AF16C640014EFAB /* PhotoDetailViewModel.swift in Sources */ = {isa = PBXBuildFile; fileRef = D97F733F2AF16C640014EFAB /* PhotoDetailViewModel.swift */; };
		D97F73422AF16F2B0014EFAB /* Secrets.swift in Sources */ = {isa = PBXBuildFile; fileRef = D97F73412AF16F2B0014EFAB /* Secrets.swift */; };
		D97F73442AF183580014EFAB /* Photo.swift in Sources */ = {isa = PBXBuildFile; fileRef = D97F73432AF183580014EFAB /* Photo.swift */; };
/* End PBXBuildFile section */

/* Begin PBXContainerItemProxy section */
		D97F730E2AF16A2B0014EFAB /* PBXContainerItemProxy */ = {
			isa = PBXContainerItemProxy;
			containerPortal = D97F72F52AF16A290014EFAB /* Project object */;
			proxyType = 1;
			remoteGlobalIDString = D97F72FC2AF16A290014EFAB;
			remoteInfo = MiniFlickr;
		};
		D97F73182AF16A2B0014EFAB /* PBXContainerItemProxy */ = {
			isa = PBXContainerItemProxy;
			containerPortal = D97F72F52AF16A290014EFAB /* Project object */;
			proxyType = 1;
			remoteGlobalIDString = D97F72FC2AF16A290014EFAB;
			remoteInfo = MiniFlickr;
		};
/* End PBXContainerItemProxy section */

/* Begin PBXFileReference section */
		D951D8EA2AF1E625009AD8EB /* MockURLSession.swift */ = {isa = PBXFileReference; lastKnownFileType = sourcecode.swift; path = MockURLSession.swift; sourceTree = "<group>"; };
		D951D8F22AF1E675009AD8EB /* NetworkServiceTests.swift */ = {isa = PBXFileReference; lastKnownFileType = sourcecode.swift; path = NetworkServiceTests.swift; sourceTree = "<group>"; };
		D951D8F82AF1E8FC009AD8EB /* URLSession+Extension.swift */ = {isa = PBXFileReference; lastKnownFileType = sourcecode.swift; path = "URLSession+Extension.swift"; sourceTree = "<group>"; };
		D951D8FD2AF1E939009AD8EB /* URLSessionProtocol.swift */ = {isa = PBXFileReference; lastKnownFileType = sourcecode.swift; path = URLSessionProtocol.swift; sourceTree = "<group>"; };
		D951D9012AF1F50F009AD8EB /* TestStubs.swift */ = {isa = PBXFileReference; lastKnownFileType = sourcecode.swift; path = TestStubs.swift; sourceTree = "<group>"; };
		D951D9102AF3134F009AD8EB /* User.swift */ = {isa = PBXFileReference; lastKnownFileType = sourcecode.swift; path = User.swift; sourceTree = "<group>"; };
		D951D9142AF317D9009AD8EB /* UserPhotoItem.swift */ = {isa = PBXFileReference; lastKnownFileType = sourcecode.swift; path = UserPhotoItem.swift; sourceTree = "<group>"; };
		D97F72FD2AF16A290014EFAB /* MiniFlickr.app */ = {isa = PBXFileReference; explicitFileType = wrapper.application; includeInIndex = 0; path = MiniFlickr.app; sourceTree = BUILT_PRODUCTS_DIR; };
		D97F73002AF16A290014EFAB /* MiniFlickrApp.swift */ = {isa = PBXFileReference; lastKnownFileType = sourcecode.swift; path = MiniFlickrApp.swift; sourceTree = "<group>"; };
		D97F73022AF16A290014EFAB /* ContentView.swift */ = {isa = PBXFileReference; lastKnownFileType = sourcecode.swift; path = ContentView.swift; sourceTree = "<group>"; };
		D97F73042AF16A2B0014EFAB /* Assets.xcassets */ = {isa = PBXFileReference; lastKnownFileType = folder.assetcatalog; path = Assets.xcassets; sourceTree = "<group>"; };
		D97F73072AF16A2B0014EFAB /* Preview Assets.xcassets */ = {isa = PBXFileReference; lastKnownFileType = folder.assetcatalog; path = "Preview Assets.xcassets"; sourceTree = "<group>"; };
		D97F730D2AF16A2B0014EFAB /* MiniFlickrTests.xctest */ = {isa = PBXFileReference; explicitFileType = wrapper.cfbundle; includeInIndex = 0; path = MiniFlickrTests.xctest; sourceTree = BUILT_PRODUCTS_DIR; };
		D97F73112AF16A2B0014EFAB /* MiniFlickrTests.swift */ = {isa = PBXFileReference; lastKnownFileType = sourcecode.swift; path = MiniFlickrTests.swift; sourceTree = "<group>"; };
		D97F73172AF16A2B0014EFAB /* MiniFlickrUITests.xctest */ = {isa = PBXFileReference; explicitFileType = wrapper.cfbundle; includeInIndex = 0; path = MiniFlickrUITests.xctest; sourceTree = BUILT_PRODUCTS_DIR; };
		D97F731B2AF16A2B0014EFAB /* MiniFlickrUITests.swift */ = {isa = PBXFileReference; lastKnownFileType = sourcecode.swift; path = MiniFlickrUITests.swift; sourceTree = "<group>"; };
		D97F731D2AF16A2B0014EFAB /* MiniFlickrUITestsLaunchTests.swift */ = {isa = PBXFileReference; lastKnownFileType = sourcecode.swift; path = MiniFlickrUITestsLaunchTests.swift; sourceTree = "<group>"; };
		D97F73332AF16B920014EFAB /* GalleryView.swift */ = {isa = PBXFileReference; lastKnownFileType = sourcecode.swift; path = GalleryView.swift; sourceTree = "<group>"; };
		D97F73352AF16BA10014EFAB /* PhotoDetailView.swift */ = {isa = PBXFileReference; lastKnownFileType = sourcecode.swift; path = PhotoDetailView.swift; sourceTree = "<group>"; };
		D97F73372AF16BF20014EFAB /* UserGalleryView.swift */ = {isa = PBXFileReference; lastKnownFileType = sourcecode.swift; path = UserGalleryView.swift; sourceTree = "<group>"; };
		D97F73392AF16C000014EFAB /* NetworkService.swift */ = {isa = PBXFileReference; lastKnownFileType = sourcecode.swift; path = NetworkService.swift; sourceTree = "<group>"; };
		D97F733B2AF16C4F0014EFAB /* GalleryViewModel.swift */ = {isa = PBXFileReference; lastKnownFileType = sourcecode.swift; path = GalleryViewModel.swift; sourceTree = "<group>"; };
		D97F733D2AF16C580014EFAB /* UserGalleryViewModel.swift */ = {isa = PBXFileReference; lastKnownFileType = sourcecode.swift; path = UserGalleryViewModel.swift; sourceTree = "<group>"; };
		D97F733F2AF16C640014EFAB /* PhotoDetailViewModel.swift */ = {isa = PBXFileReference; lastKnownFileType = sourcecode.swift; path = PhotoDetailViewModel.swift; sourceTree = "<group>"; };
		D97F73412AF16F2B0014EFAB /* Secrets.swift */ = {isa = PBXFileReference; lastKnownFileType = sourcecode.swift; path = Secrets.swift; sourceTree = "<group>"; };
		D97F73432AF183580014EFAB /* Photo.swift */ = {isa = PBXFileReference; lastKnownFileType = sourcecode.swift; path = Photo.swift; sourceTree = "<group>"; };
/* End PBXFileReference section */

/* Begin PBXFrameworksBuildPhase section */
		D97F72FA2AF16A290014EFAB /* Frameworks */ = {
			isa = PBXFrameworksBuildPhase;
			buildActionMask = 2147483647;
			files = (
			);
			runOnlyForDeploymentPostprocessing = 0;
		};
		D97F730A2AF16A2B0014EFAB /* Frameworks */ = {
			isa = PBXFrameworksBuildPhase;
			buildActionMask = 2147483647;
			files = (
			);
			runOnlyForDeploymentPostprocessing = 0;
		};
		D97F73142AF16A2B0014EFAB /* Frameworks */ = {
			isa = PBXFrameworksBuildPhase;
			buildActionMask = 2147483647;
			files = (
			);
			runOnlyForDeploymentPostprocessing = 0;
		};
/* End PBXFrameworksBuildPhase section */

/* Begin PBXGroup section */
		D951D8F42AF1E80F009AD8EB /* Extensions */ = {
			isa = PBXGroup;
			children = (
				D951D8F82AF1E8FC009AD8EB /* URLSession+Extension.swift */,
			);
			path = Extensions;
			sourceTree = "<group>";
		};
		D951D8F52AF1E817009AD8EB /* Mock Data */ = {
			isa = PBXGroup;
			children = (
				D951D8EA2AF1E625009AD8EB /* MockURLSession.swift */,
			);
			path = "Mock Data";
			sourceTree = "<group>";
		};
		D951D8F62AF1E82D009AD8EB /* ViewModels */ = {
			isa = PBXGroup;
			children = (
			);
			path = ViewModels;
			sourceTree = "<group>";
		};
		D951D8F72AF1E84A009AD8EB /* Services */ = {
			isa = PBXGroup;
			children = (
			);
			path = Services;
			sourceTree = "<group>";
		};
		D951D8FC2AF1E917009AD8EB /* Protocols */ = {
			isa = PBXGroup;
			children = (
				D951D8FD2AF1E939009AD8EB /* URLSessionProtocol.swift */,
			);
			path = Protocols;
			sourceTree = "<group>";
		};
		D97F72F42AF16A290014EFAB = {
			isa = PBXGroup;
			children = (
				D97F732E2AF16AC90014EFAB /* Core */,
				D951D8F42AF1E80F009AD8EB /* Extensions */,
				D951D8F52AF1E817009AD8EB /* Mock Data */,
				D97F732A2AF16A4E0014EFAB /* Models */,
				D951D8FC2AF1E917009AD8EB /* Protocols */,
				D97F732D2AF16AB30014EFAB /* Services */,
				D97F732C2AF16A5C0014EFAB /* ViewModels */,
				D97F732B2AF16A560014EFAB /* Views */,
				D97F73102AF16A2B0014EFAB /* Tests */,
				D97F731A2AF16A2B0014EFAB /* UITests */,
				D97F73062AF16A2B0014EFAB /* Preview Content */,
				D97F73042AF16A2B0014EFAB /* Assets.xcassets */,
				D97F72FE2AF16A290014EFAB /* Products */,
			);
			sourceTree = "<group>";
		};
		D97F72FE2AF16A290014EFAB /* Products */ = {
			isa = PBXGroup;
			children = (
				D97F72FD2AF16A290014EFAB /* MiniFlickr.app */,
				D97F730D2AF16A2B0014EFAB /* MiniFlickrTests.xctest */,
				D97F73172AF16A2B0014EFAB /* MiniFlickrUITests.xctest */,
			);
			name = Products;
			sourceTree = "<group>";
		};
		D97F73062AF16A2B0014EFAB /* Preview Content */ = {
			isa = PBXGroup;
			children = (
				D97F73072AF16A2B0014EFAB /* Preview Assets.xcassets */,
			);
			path = "Preview Content";
			sourceTree = "<group>";
		};
		D97F73102AF16A2B0014EFAB /* Tests */ = {
			isa = PBXGroup;
			children = (
				D951D8F72AF1E84A009AD8EB /* Services */,
				D951D8F62AF1E82D009AD8EB /* ViewModels */,
				D97F73112AF16A2B0014EFAB /* MiniFlickrTests.swift */,
				D951D8F22AF1E675009AD8EB /* NetworkServiceTests.swift */,
				D951D9012AF1F50F009AD8EB /* TestStubs.swift */,
			);
			path = Tests;
			sourceTree = "<group>";
		};
		D97F731A2AF16A2B0014EFAB /* UITests */ = {
			isa = PBXGroup;
			children = (
				D97F731B2AF16A2B0014EFAB /* MiniFlickrUITests.swift */,
				D97F731D2AF16A2B0014EFAB /* MiniFlickrUITestsLaunchTests.swift */,
			);
			path = UITests;
			sourceTree = "<group>";
		};
		D97F732A2AF16A4E0014EFAB /* Models */ = {
			isa = PBXGroup;
			children = (
				D97F73432AF183580014EFAB /* Photo.swift */,
				D951D9102AF3134F009AD8EB /* User.swift */,
				D951D9142AF317D9009AD8EB /* UserPhotoItem.swift */,
			);
			path = Models;
			sourceTree = "<group>";
		};
		D97F732B2AF16A560014EFAB /* Views */ = {
			isa = PBXGroup;
			children = (
				D97F73332AF16B920014EFAB /* GalleryView.swift */,
				D97F73352AF16BA10014EFAB /* PhotoDetailView.swift */,
				D97F73372AF16BF20014EFAB /* UserGalleryView.swift */,
			);
			path = Views;
			sourceTree = "<group>";
		};
		D97F732C2AF16A5C0014EFAB /* ViewModels */ = {
			isa = PBXGroup;
			children = (
				D97F733B2AF16C4F0014EFAB /* GalleryViewModel.swift */,
				D97F733D2AF16C580014EFAB /* UserGalleryViewModel.swift */,
				D97F733F2AF16C640014EFAB /* PhotoDetailViewModel.swift */,
			);
			path = ViewModels;
			sourceTree = "<group>";
		};
		D97F732D2AF16AB30014EFAB /* Services */ = {
			isa = PBXGroup;
			children = (
				D97F73392AF16C000014EFAB /* NetworkService.swift */,
				D97F73412AF16F2B0014EFAB /* Secrets.swift */,
			);
			path = Services;
			sourceTree = "<group>";
		};
		D97F732E2AF16AC90014EFAB /* Core */ = {
			isa = PBXGroup;
			children = (
				D97F73002AF16A290014EFAB /* MiniFlickrApp.swift */,
				D97F73022AF16A290014EFAB /* ContentView.swift */,
			);
			path = Core;
			sourceTree = "<group>";
		};
/* End PBXGroup section */

/* Begin PBXNativeTarget section */
		D97F72FC2AF16A290014EFAB /* MiniFlickr */ = {
			isa = PBXNativeTarget;
			buildConfigurationList = D97F73212AF16A2B0014EFAB /* Build configuration list for PBXNativeTarget "MiniFlickr" */;
			buildPhases = (
				D97F72F92AF16A290014EFAB /* Sources */,
				D97F72FA2AF16A290014EFAB /* Frameworks */,
				D97F72FB2AF16A290014EFAB /* Resources */,
			);
			buildRules = (
			);
			dependencies = (
			);
			name = MiniFlickr;
			productName = MiniFlickr;
			productReference = D97F72FD2AF16A290014EFAB /* MiniFlickr.app */;
			productType = "com.apple.product-type.application";
		};
		D97F730C2AF16A2B0014EFAB /* MiniFlickrTests */ = {
			isa = PBXNativeTarget;
			buildConfigurationList = D97F73242AF16A2B0014EFAB /* Build configuration list for PBXNativeTarget "MiniFlickrTests" */;
			buildPhases = (
				D97F73092AF16A2B0014EFAB /* Sources */,
				D97F730A2AF16A2B0014EFAB /* Frameworks */,
				D97F730B2AF16A2B0014EFAB /* Resources */,
			);
			buildRules = (
			);
			dependencies = (
				D97F730F2AF16A2B0014EFAB /* PBXTargetDependency */,
			);
			name = MiniFlickrTests;
			productName = MiniFlickrTests;
			productReference = D97F730D2AF16A2B0014EFAB /* MiniFlickrTests.xctest */;
			productType = "com.apple.product-type.bundle.unit-test";
		};
		D97F73162AF16A2B0014EFAB /* MiniFlickrUITests */ = {
			isa = PBXNativeTarget;
			buildConfigurationList = D97F73272AF16A2B0014EFAB /* Build configuration list for PBXNativeTarget "MiniFlickrUITests" */;
			buildPhases = (
				D97F73132AF16A2B0014EFAB /* Sources */,
				D97F73142AF16A2B0014EFAB /* Frameworks */,
				D97F73152AF16A2B0014EFAB /* Resources */,
			);
			buildRules = (
			);
			dependencies = (
				D97F73192AF16A2B0014EFAB /* PBXTargetDependency */,
			);
			name = MiniFlickrUITests;
			productName = MiniFlickrUITests;
			productReference = D97F73172AF16A2B0014EFAB /* MiniFlickrUITests.xctest */;
			productType = "com.apple.product-type.bundle.ui-testing";
		};
/* End PBXNativeTarget section */

/* Begin PBXProject section */
		D97F72F52AF16A290014EFAB /* Project object */ = {
			isa = PBXProject;
			attributes = {
				BuildIndependentTargetsInParallel = 1;
				LastSwiftUpdateCheck = 1500;
				LastUpgradeCheck = 1500;
				TargetAttributes = {
					D97F72FC2AF16A290014EFAB = {
						CreatedOnToolsVersion = 15.0.1;
					};
					D97F730C2AF16A2B0014EFAB = {
						CreatedOnToolsVersion = 15.0.1;
						TestTargetID = D97F72FC2AF16A290014EFAB;
					};
					D97F73162AF16A2B0014EFAB = {
						CreatedOnToolsVersion = 15.0.1;
						TestTargetID = D97F72FC2AF16A290014EFAB;
					};
				};
			};
			buildConfigurationList = D97F72F82AF16A290014EFAB /* Build configuration list for PBXProject "MiniFlickr" */;
			compatibilityVersion = "Xcode 14.0";
			developmentRegion = en;
			hasScannedForEncodings = 0;
			knownRegions = (
				en,
				Base,
			);
			mainGroup = D97F72F42AF16A290014EFAB;
			productRefGroup = D97F72FE2AF16A290014EFAB /* Products */;
			projectDirPath = "";
			projectRoot = "";
			targets = (
				D97F72FC2AF16A290014EFAB /* MiniFlickr */,
				D97F730C2AF16A2B0014EFAB /* MiniFlickrTests */,
				D97F73162AF16A2B0014EFAB /* MiniFlickrUITests */,
			);
		};
/* End PBXProject section */

/* Begin PBXResourcesBuildPhase section */
		D97F72FB2AF16A290014EFAB /* Resources */ = {
			isa = PBXResourcesBuildPhase;
			buildActionMask = 2147483647;
			files = (
				D97F73082AF16A2B0014EFAB /* Preview Assets.xcassets in Resources */,
				D97F73052AF16A2B0014EFAB /* Assets.xcassets in Resources */,
			);
			runOnlyForDeploymentPostprocessing = 0;
		};
		D97F730B2AF16A2B0014EFAB /* Resources */ = {
			isa = PBXResourcesBuildPhase;
			buildActionMask = 2147483647;
			files = (
			);
			runOnlyForDeploymentPostprocessing = 0;
		};
		D97F73152AF16A2B0014EFAB /* Resources */ = {
			isa = PBXResourcesBuildPhase;
			buildActionMask = 2147483647;
			files = (
			);
			runOnlyForDeploymentPostprocessing = 0;
		};
/* End PBXResourcesBuildPhase section */

/* Begin PBXSourcesBuildPhase section */
		D97F72F92AF16A290014EFAB /* Sources */ = {
			isa = PBXSourcesBuildPhase;
			buildActionMask = 2147483647;
			files = (
				D951D8FE2AF1E939009AD8EB /* URLSessionProtocol.swift in Sources */,
				D951D8EB2AF1E625009AD8EB /* MockURLSession.swift in Sources */,
				D97F733E2AF16C580014EFAB /* UserGalleryViewModel.swift in Sources */,
				D97F73422AF16F2B0014EFAB /* Secrets.swift in Sources */,
				D951D9112AF3134F009AD8EB /* User.swift in Sources */,
				D97F73032AF16A290014EFAB /* ContentView.swift in Sources */,
				D951D9152AF317D9009AD8EB /* UserPhotoItem.swift in Sources */,
				D951D9022AF1F50F009AD8EB /* TestStubs.swift in Sources */,
				D97F733C2AF16C4F0014EFAB /* GalleryViewModel.swift in Sources */,
				D97F73382AF16BF20014EFAB /* UserGalleryView.swift in Sources */,
				D951D8F92AF1E8FC009AD8EB /* URLSession+Extension.swift in Sources */,
				D97F73362AF16BA10014EFAB /* PhotoDetailView.swift in Sources */,
				D97F73342AF16B920014EFAB /* GalleryView.swift in Sources */,
				D97F73442AF183580014EFAB /* Photo.swift in Sources */,
				D97F733A2AF16C000014EFAB /* NetworkService.swift in Sources */,
				D97F73402AF16C640014EFAB /* PhotoDetailViewModel.swift in Sources */,
				D97F73012AF16A290014EFAB /* MiniFlickrApp.swift in Sources */,
			);
			runOnlyForDeploymentPostprocessing = 0;
		};
		D97F73092AF16A2B0014EFAB /* Sources */ = {
			isa = PBXSourcesBuildPhase;
			buildActionMask = 2147483647;
			files = (
				D951D90C2AF20034009AD8EB /* Photo.swift in Sources */,
				D951D90E2AF2003A009AD8EB /* Secrets.swift in Sources */,
				D951D9162AF317D9009AD8EB /* UserPhotoItem.swift in Sources */,
				D951D8FF2AF1E939009AD8EB /* URLSessionProtocol.swift in Sources */,
				D951D90A2AF1FAF3009AD8EB /* NetworkService.swift in Sources */,
				D951D8FA2AF1E8FC009AD8EB /* URLSession+Extension.swift in Sources */,
				D951D8EC2AF1E625009AD8EB /* MockURLSession.swift in Sources */,
				D951D8F32AF1E675009AD8EB /* NetworkServiceTests.swift in Sources */,
				D97F73122AF16A2B0014EFAB /* MiniFlickrTests.swift in Sources */,
				D951D9122AF3134F009AD8EB /* User.swift in Sources */,
				D951D9032AF1F50F009AD8EB /* TestStubs.swift in Sources */,
			);
			runOnlyForDeploymentPostprocessing = 0;
		};
		D97F73132AF16A2B0014EFAB /* Sources */ = {
			isa = PBXSourcesBuildPhase;
			buildActionMask = 2147483647;
			files = (
				D951D90D2AF20035009AD8EB /* Photo.swift in Sources */,
				D951D90F2AF2003B009AD8EB /* Secrets.swift in Sources */,
				D951D9172AF317D9009AD8EB /* UserPhotoItem.swift in Sources */,
				D951D9002AF1E939009AD8EB /* URLSessionProtocol.swift in Sources */,
				D951D90B2AF1FAF4009AD8EB /* NetworkService.swift in Sources */,
				D951D8FB2AF1E8FC009AD8EB /* URLSession+Extension.swift in Sources */,
				D951D8ED2AF1E625009AD8EB /* MockURLSession.swift in Sources */,
				D97F731E2AF16A2B0014EFAB /* MiniFlickrUITestsLaunchTests.swift in Sources */,
				D97F731C2AF16A2B0014EFAB /* MiniFlickrUITests.swift in Sources */,
				D951D9132AF3134F009AD8EB /* User.swift in Sources */,
				D951D9042AF1F50F009AD8EB /* TestStubs.swift in Sources */,
			);
			runOnlyForDeploymentPostprocessing = 0;
		};
/* End PBXSourcesBuildPhase section */

/* Begin PBXTargetDependency section */
		D97F730F2AF16A2B0014EFAB /* PBXTargetDependency */ = {
			isa = PBXTargetDependency;
			target = D97F72FC2AF16A290014EFAB /* MiniFlickr */;
			targetProxy = D97F730E2AF16A2B0014EFAB /* PBXContainerItemProxy */;
		};
		D97F73192AF16A2B0014EFAB /* PBXTargetDependency */ = {
			isa = PBXTargetDependency;
			target = D97F72FC2AF16A290014EFAB /* MiniFlickr */;
			targetProxy = D97F73182AF16A2B0014EFAB /* PBXContainerItemProxy */;
		};
/* End PBXTargetDependency section */

/* Begin XCBuildConfiguration section */
		D97F731F2AF16A2B0014EFAB /* Debug */ = {
			isa = XCBuildConfiguration;
			buildSettings = {
				ALWAYS_SEARCH_USER_PATHS = NO;
				ASSETCATALOG_COMPILER_GENERATE_SWIFT_ASSET_SYMBOL_EXTENSIONS = YES;
				CLANG_ANALYZER_NONNULL = YES;
				CLANG_ANALYZER_NUMBER_OBJECT_CONVERSION = YES_AGGRESSIVE;
				CLANG_CXX_LANGUAGE_STANDARD = "gnu++20";
				CLANG_ENABLE_MODULES = YES;
				CLANG_ENABLE_OBJC_ARC = YES;
				CLANG_ENABLE_OBJC_WEAK = YES;
				CLANG_WARN_BLOCK_CAPTURE_AUTORELEASING = YES;
				CLANG_WARN_BOOL_CONVERSION = YES;
				CLANG_WARN_COMMA = YES;
				CLANG_WARN_CONSTANT_CONVERSION = YES;
				CLANG_WARN_DEPRECATED_OBJC_IMPLEMENTATIONS = YES;
				CLANG_WARN_DIRECT_OBJC_ISA_USAGE = YES_ERROR;
				CLANG_WARN_DOCUMENTATION_COMMENTS = YES;
				CLANG_WARN_EMPTY_BODY = YES;
				CLANG_WARN_ENUM_CONVERSION = YES;
				CLANG_WARN_INFINITE_RECURSION = YES;
				CLANG_WARN_INT_CONVERSION = YES;
				CLANG_WARN_NON_LITERAL_NULL_CONVERSION = YES;
				CLANG_WARN_OBJC_IMPLICIT_RETAIN_SELF = YES;
				CLANG_WARN_OBJC_LITERAL_CONVERSION = YES;
				CLANG_WARN_OBJC_ROOT_CLASS = YES_ERROR;
				CLANG_WARN_QUOTED_INCLUDE_IN_FRAMEWORK_HEADER = YES;
				CLANG_WARN_RANGE_LOOP_ANALYSIS = YES;
				CLANG_WARN_STRICT_PROTOTYPES = YES;
				CLANG_WARN_SUSPICIOUS_MOVE = YES;
				CLANG_WARN_UNGUARDED_AVAILABILITY = YES_AGGRESSIVE;
				CLANG_WARN_UNREACHABLE_CODE = YES;
				CLANG_WARN__DUPLICATE_METHOD_MATCH = YES;
				COPY_PHASE_STRIP = NO;
				DEBUG_INFORMATION_FORMAT = dwarf;
				ENABLE_STRICT_OBJC_MSGSEND = YES;
				ENABLE_TESTABILITY = YES;
				ENABLE_USER_SCRIPT_SANDBOXING = YES;
				GCC_C_LANGUAGE_STANDARD = gnu17;
				GCC_DYNAMIC_NO_PIC = NO;
				GCC_NO_COMMON_BLOCKS = YES;
				GCC_OPTIMIZATION_LEVEL = 0;
				GCC_PREPROCESSOR_DEFINITIONS = (
					"DEBUG=1",
					"$(inherited)",
				);
				GCC_WARN_64_TO_32_BIT_CONVERSION = YES;
				GCC_WARN_ABOUT_RETURN_TYPE = YES_ERROR;
				GCC_WARN_UNDECLARED_SELECTOR = YES;
				GCC_WARN_UNINITIALIZED_AUTOS = YES_AGGRESSIVE;
				GCC_WARN_UNUSED_FUNCTION = YES;
				GCC_WARN_UNUSED_VARIABLE = YES;
				IPHONEOS_DEPLOYMENT_TARGET = 17.0;
				LOCALIZATION_PREFERS_STRING_CATALOGS = YES;
				MTL_ENABLE_DEBUG_INFO = INCLUDE_SOURCE;
				MTL_FAST_MATH = YES;
				ONLY_ACTIVE_ARCH = YES;
				SDKROOT = iphoneos;
				SWIFT_ACTIVE_COMPILATION_CONDITIONS = "DEBUG $(inherited)";
				SWIFT_OPTIMIZATION_LEVEL = "-Onone";
			};
			name = Debug;
		};
		D97F73202AF16A2B0014EFAB /* Release */ = {
			isa = XCBuildConfiguration;
			buildSettings = {
				ALWAYS_SEARCH_USER_PATHS = NO;
				ASSETCATALOG_COMPILER_GENERATE_SWIFT_ASSET_SYMBOL_EXTENSIONS = YES;
				CLANG_ANALYZER_NONNULL = YES;
				CLANG_ANALYZER_NUMBER_OBJECT_CONVERSION = YES_AGGRESSIVE;
				CLANG_CXX_LANGUAGE_STANDARD = "gnu++20";
				CLANG_ENABLE_MODULES = YES;
				CLANG_ENABLE_OBJC_ARC = YES;
				CLANG_ENABLE_OBJC_WEAK = YES;
				CLANG_WARN_BLOCK_CAPTURE_AUTORELEASING = YES;
				CLANG_WARN_BOOL_CONVERSION = YES;
				CLANG_WARN_COMMA = YES;
				CLANG_WARN_CONSTANT_CONVERSION = YES;
				CLANG_WARN_DEPRECATED_OBJC_IMPLEMENTATIONS = YES;
				CLANG_WARN_DIRECT_OBJC_ISA_USAGE = YES_ERROR;
				CLANG_WARN_DOCUMENTATION_COMMENTS = YES;
				CLANG_WARN_EMPTY_BODY = YES;
				CLANG_WARN_ENUM_CONVERSION = YES;
				CLANG_WARN_INFINITE_RECURSION = YES;
				CLANG_WARN_INT_CONVERSION = YES;
				CLANG_WARN_NON_LITERAL_NULL_CONVERSION = YES;
				CLANG_WARN_OBJC_IMPLICIT_RETAIN_SELF = YES;
				CLANG_WARN_OBJC_LITERAL_CONVERSION = YES;
				CLANG_WARN_OBJC_ROOT_CLASS = YES_ERROR;
				CLANG_WARN_QUOTED_INCLUDE_IN_FRAMEWORK_HEADER = YES;
				CLANG_WARN_RANGE_LOOP_ANALYSIS = YES;
				CLANG_WARN_STRICT_PROTOTYPES = YES;
				CLANG_WARN_SUSPICIOUS_MOVE = YES;
				CLANG_WARN_UNGUARDED_AVAILABILITY = YES_AGGRESSIVE;
				CLANG_WARN_UNREACHABLE_CODE = YES;
				CLANG_WARN__DUPLICATE_METHOD_MATCH = YES;
				COPY_PHASE_STRIP = NO;
				DEBUG_INFORMATION_FORMAT = "dwarf-with-dsym";
				ENABLE_NS_ASSERTIONS = NO;
				ENABLE_STRICT_OBJC_MSGSEND = YES;
				ENABLE_USER_SCRIPT_SANDBOXING = YES;
				GCC_C_LANGUAGE_STANDARD = gnu17;
				GCC_NO_COMMON_BLOCKS = YES;
				GCC_WARN_64_TO_32_BIT_CONVERSION = YES;
				GCC_WARN_ABOUT_RETURN_TYPE = YES_ERROR;
				GCC_WARN_UNDECLARED_SELECTOR = YES;
				GCC_WARN_UNINITIALIZED_AUTOS = YES_AGGRESSIVE;
				GCC_WARN_UNUSED_FUNCTION = YES;
				GCC_WARN_UNUSED_VARIABLE = YES;
				IPHONEOS_DEPLOYMENT_TARGET = 17.0;
				LOCALIZATION_PREFERS_STRING_CATALOGS = YES;
				MTL_ENABLE_DEBUG_INFO = NO;
				MTL_FAST_MATH = YES;
				SDKROOT = iphoneos;
				SWIFT_COMPILATION_MODE = wholemodule;
				VALIDATE_PRODUCT = YES;
			};
			name = Release;
		};
		D97F73222AF16A2B0014EFAB /* Debug */ = {
			isa = XCBuildConfiguration;
			buildSettings = {
				ASSETCATALOG_COMPILER_APPICON_NAME = AppIcon;
				ASSETCATALOG_COMPILER_GLOBAL_ACCENT_COLOR_NAME = AccentColor;
				CODE_SIGN_STYLE = Automatic;
				CURRENT_PROJECT_VERSION = 1;
				DEVELOPMENT_ASSET_PATHS = "\"Preview Content\"";
				DEVELOPMENT_TEAM = M982BWXJ4N;
				ENABLE_PREVIEWS = YES;
				GENERATE_INFOPLIST_FILE = YES;
				INFOPLIST_KEY_UIApplicationSceneManifest_Generation = YES;
				INFOPLIST_KEY_UIApplicationSupportsIndirectInputEvents = YES;
				INFOPLIST_KEY_UILaunchScreen_Generation = YES;
				INFOPLIST_KEY_UISupportedInterfaceOrientations_iPad = "UIInterfaceOrientationPortrait UIInterfaceOrientationPortraitUpsideDown UIInterfaceOrientationLandscapeLeft UIInterfaceOrientationLandscapeRight";
				INFOPLIST_KEY_UISupportedInterfaceOrientations_iPhone = "UIInterfaceOrientationPortrait UIInterfaceOrientationLandscapeLeft UIInterfaceOrientationLandscapeRight";
				LD_RUNPATH_SEARCH_PATHS = (
					"$(inherited)",
					"@executable_path/Frameworks",
				);
				MARKETING_VERSION = 1.0;
				PRODUCT_BUNDLE_IDENTIFIER = dev.danielpriestley.MiniFlickr;
				PRODUCT_NAME = "$(TARGET_NAME)";
				SWIFT_EMIT_LOC_STRINGS = YES;
				SWIFT_VERSION = 5.0;
				TARGETED_DEVICE_FAMILY = "1,2";
			};
			name = Debug;
		};
		D97F73232AF16A2B0014EFAB /* Release */ = {
			isa = XCBuildConfiguration;
			buildSettings = {
				ASSETCATALOG_COMPILER_APPICON_NAME = AppIcon;
				ASSETCATALOG_COMPILER_GLOBAL_ACCENT_COLOR_NAME = AccentColor;
				CODE_SIGN_STYLE = Automatic;
				CURRENT_PROJECT_VERSION = 1;
				DEVELOPMENT_ASSET_PATHS = "\"Preview Content\"";
				DEVELOPMENT_TEAM = M982BWXJ4N;
				ENABLE_PREVIEWS = YES;
				GENERATE_INFOPLIST_FILE = YES;
				INFOPLIST_KEY_UIApplicationSceneManifest_Generation = YES;
				INFOPLIST_KEY_UIApplicationSupportsIndirectInputEvents = YES;
				INFOPLIST_KEY_UILaunchScreen_Generation = YES;
				INFOPLIST_KEY_UISupportedInterfaceOrientations_iPad = "UIInterfaceOrientationPortrait UIInterfaceOrientationPortraitUpsideDown UIInterfaceOrientationLandscapeLeft UIInterfaceOrientationLandscapeRight";
				INFOPLIST_KEY_UISupportedInterfaceOrientations_iPhone = "UIInterfaceOrientationPortrait UIInterfaceOrientationLandscapeLeft UIInterfaceOrientationLandscapeRight";
				LD_RUNPATH_SEARCH_PATHS = (
					"$(inherited)",
					"@executable_path/Frameworks",
				);
				MARKETING_VERSION = 1.0;
				PRODUCT_BUNDLE_IDENTIFIER = dev.danielpriestley.MiniFlickr;
				PRODUCT_NAME = "$(TARGET_NAME)";
				SWIFT_EMIT_LOC_STRINGS = YES;
				SWIFT_VERSION = 5.0;
				TARGETED_DEVICE_FAMILY = "1,2";
			};
			name = Release;
		};
		D97F73252AF16A2B0014EFAB /* Debug */ = {
			isa = XCBuildConfiguration;
			buildSettings = {
				ALWAYS_EMBED_SWIFT_STANDARD_LIBRARIES = YES;
				BUNDLE_LOADER = "$(TEST_HOST)";
				CODE_SIGN_STYLE = Automatic;
				CURRENT_PROJECT_VERSION = 1;
				DEVELOPMENT_TEAM = M982BWXJ4N;
				GENERATE_INFOPLIST_FILE = YES;
				IPHONEOS_DEPLOYMENT_TARGET = 17.0;
				MARKETING_VERSION = 1.0;
				PRODUCT_BUNDLE_IDENTIFIER = dev.danielpriestley.MiniFlickrTests;
				PRODUCT_NAME = "$(TARGET_NAME)";
				SWIFT_EMIT_LOC_STRINGS = NO;
				SWIFT_VERSION = 5.0;
				TARGETED_DEVICE_FAMILY = "1,2";
				TEST_HOST = "$(BUILT_PRODUCTS_DIR)/MiniFlickr.app/$(BUNDLE_EXECUTABLE_FOLDER_PATH)/MiniFlickr";
			};
			name = Debug;
		};
		D97F73262AF16A2B0014EFAB /* Release */ = {
			isa = XCBuildConfiguration;
			buildSettings = {
				ALWAYS_EMBED_SWIFT_STANDARD_LIBRARIES = YES;
				BUNDLE_LOADER = "$(TEST_HOST)";
				CODE_SIGN_STYLE = Automatic;
				CURRENT_PROJECT_VERSION = 1;
				DEVELOPMENT_TEAM = M982BWXJ4N;
				GENERATE_INFOPLIST_FILE = YES;
				IPHONEOS_DEPLOYMENT_TARGET = 17.0;
				MARKETING_VERSION = 1.0;
				PRODUCT_BUNDLE_IDENTIFIER = dev.danielpriestley.MiniFlickrTests;
				PRODUCT_NAME = "$(TARGET_NAME)";
				SWIFT_EMIT_LOC_STRINGS = NO;
				SWIFT_VERSION = 5.0;
				TARGETED_DEVICE_FAMILY = "1,2";
				TEST_HOST = "$(BUILT_PRODUCTS_DIR)/MiniFlickr.app/$(BUNDLE_EXECUTABLE_FOLDER_PATH)/MiniFlickr";
			};
			name = Release;
		};
		D97F73282AF16A2B0014EFAB /* Debug */ = {
			isa = XCBuildConfiguration;
			buildSettings = {
				ALWAYS_EMBED_SWIFT_STANDARD_LIBRARIES = YES;
				CODE_SIGN_STYLE = Automatic;
				CURRENT_PROJECT_VERSION = 1;
				DEVELOPMENT_TEAM = M982BWXJ4N;
				GENERATE_INFOPLIST_FILE = YES;
				MARKETING_VERSION = 1.0;
				PRODUCT_BUNDLE_IDENTIFIER = dev.danielpriestley.MiniFlickrUITests;
				PRODUCT_NAME = "$(TARGET_NAME)";
				SWIFT_EMIT_LOC_STRINGS = NO;
				SWIFT_VERSION = 5.0;
				TARGETED_DEVICE_FAMILY = "1,2";
				TEST_TARGET_NAME = MiniFlickr;
			};
			name = Debug;
		};
		D97F73292AF16A2B0014EFAB /* Release */ = {
			isa = XCBuildConfiguration;
			buildSettings = {
				ALWAYS_EMBED_SWIFT_STANDARD_LIBRARIES = YES;
				CODE_SIGN_STYLE = Automatic;
				CURRENT_PROJECT_VERSION = 1;
				DEVELOPMENT_TEAM = M982BWXJ4N;
				GENERATE_INFOPLIST_FILE = YES;
				MARKETING_VERSION = 1.0;
				PRODUCT_BUNDLE_IDENTIFIER = dev.danielpriestley.MiniFlickrUITests;
				PRODUCT_NAME = "$(TARGET_NAME)";
				SWIFT_EMIT_LOC_STRINGS = NO;
				SWIFT_VERSION = 5.0;
				TARGETED_DEVICE_FAMILY = "1,2";
				TEST_TARGET_NAME = MiniFlickr;
			};
			name = Release;
		};
/* End XCBuildConfiguration section */

/* Begin XCConfigurationList section */
		D97F72F82AF16A290014EFAB /* Build configuration list for PBXProject "MiniFlickr" */ = {
			isa = XCConfigurationList;
			buildConfigurations = (
				D97F731F2AF16A2B0014EFAB /* Debug */,
				D97F73202AF16A2B0014EFAB /* Release */,
			);
			defaultConfigurationIsVisible = 0;
			defaultConfigurationName = Release;
		};
		D97F73212AF16A2B0014EFAB /* Build configuration list for PBXNativeTarget "MiniFlickr" */ = {
			isa = XCConfigurationList;
			buildConfigurations = (
				D97F73222AF16A2B0014EFAB /* Debug */,
				D97F73232AF16A2B0014EFAB /* Release */,
			);
			defaultConfigurationIsVisible = 0;
			defaultConfigurationName = Release;
		};
		D97F73242AF16A2B0014EFAB /* Build configuration list for PBXNativeTarget "MiniFlickrTests" */ = {
			isa = XCConfigurationList;
			buildConfigurations = (
				D97F73252AF16A2B0014EFAB /* Debug */,
				D97F73262AF16A2B0014EFAB /* Release */,
			);
			defaultConfigurationIsVisible = 0;
			defaultConfigurationName = Release;
		};
		D97F73272AF16A2B0014EFAB /* Build configuration list for PBXNativeTarget "MiniFlickrUITests" */ = {
			isa = XCConfigurationList;
			buildConfigurations = (
				D97F73282AF16A2B0014EFAB /* Debug */,
				D97F73292AF16A2B0014EFAB /* Release */,
			);
			defaultConfigurationIsVisible = 0;
			defaultConfigurationName = Release;
		};
/* End XCConfigurationList section */
	};
	rootObject = D97F72F52AF16A290014EFAB /* Project object */;
}
